<?xml version="1.0" encoding="utf-8"?>
<Project ToolsVersion="4.0" xmlns="http://schemas.microsoft.com/developer/msbuild/2003">
  <ItemGroup>
    <ClCompile Include="src\donut_pch.cpp">
      <Filter>src</Filter>
    </ClCompile>
    <ClCompile Include="src\main.cpp">
      <Filter>src</Filter>
    </ClCompile>
    <ClCompile Include="src\glad\src\glad.c">
      <Filter>src\glad\src</Filter>
    </ClCompile>
    <ClCompile Include="src\imgui\imgui.cpp">
      <Filter>src\imgui</Filter>
    </ClCompile>
    <ClCompile Include="src\imgui\imgui_draw.cpp">
      <Filter>src\imgui</Filter>
    </ClCompile>
    <ClCompile Include="src\imgui\imgui_impl_glfw.cpp">
      <Filter>src\imgui</Filter>
    </ClCompile>
    <ClCompile Include="src\imgui\imgui_impl_opengl3.cpp">
      <Filter>src\imgui</Filter>
    </ClCompile>
    <ClCompile Include="src\imgui\imgui_widgets.cpp">
      <Filter>src\imgui</Filter>
    </ClCompile>
    <ClCompile Include="src\scene\scene.cpp">
      <Filter>src\scene</Filter>
    </ClCompile>
    <ClCompile Include="src\scene\entity.cpp">
      <Filter>src\scene</Filter>
    </ClCompile>
    <ClCompile Include="src\renderer\image.cpp">
      <Filter>src\renderer</Filter>
    </ClCompile>
    <ClCompile Include="src\renderer\renderer_apis\opengl\opengl_glfw_window.cpp">
      <Filter>src\renderer\renderer_apis\opengl</Filter>
    </ClCompile>
    <ClCompile Include="src\renderer\renderer_apis\opengl\opengl_indexbuffer.cpp">
      <Filter>src\renderer\renderer_apis\opengl</Filter>
    </ClCompile>
    <ClCompile Include="src\renderer\renderer_apis\opengl\opengl_renderer.cpp">
      <Filter>src\renderer\renderer_apis\opengl</Filter>
    </ClCompile>
    <ClCompile Include="src\renderer\renderer_apis\opengl\opengl_shader.cpp">
      <Filter>src\renderer\renderer_apis\opengl</Filter>
    </ClCompile>
    <ClCompile Include="src\renderer\renderer_apis\opengl\opengl_shadersection.cpp">
      <Filter>src\renderer\renderer_apis\opengl</Filter>
    </ClCompile>
    <ClCompile Include="src\renderer\renderer_apis\opengl\opengl_texture2d.cpp">
      <Filter>src\renderer\renderer_apis\opengl</Filter>
    </ClCompile>
    <ClCompile Include="src\renderer\renderer_apis\opengl\opengl_vertexbuffer.cpp">
      <Filter>src\renderer\renderer_apis\opengl</Filter>
    </ClCompile>
    <ClCompile Include="src\renderer\renderer_apis\opengl\opengl_vertexlayout.cpp">
      <Filter>src\renderer\renderer_apis\opengl</Filter>
    </ClCompile>
    <ClCompile Include="src\scene\systems\renderingsystem.cpp">
      <Filter>src\scene\systems</Filter>
    </ClCompile>
    <ClCompile Include="src\renderer\renderer_apis\opengl\opengl_framebuffer.cpp">
      <Filter>src\renderer\renderer_apis\opengl</Filter>
    </ClCompile>
    <ClCompile Include="src\test\TestLayer.cpp">
      <Filter>src\test</Filter>
    </ClCompile>
    <ClCompile Include="src\test\emittersystem.cpp">
      <Filter>src\test</Filter>
    </ClCompile>
    <ClCompile Include="src\test\velocitysystem.cpp">
      <Filter>src\test</Filter>
    </ClCompile>
    <ClCompile Include="src\test\lifetimesystem.cpp">
      <Filter>src\test</Filter>
    </ClCompile>
    <ClCompile Include="src\renderer\layerstack.cpp">
      <Filter>src\renderer</Filter>
    </ClCompile>
    <ClCompile Include="src\scene\systems\camerasystem.cpp">
      <Filter>src\scene\systems</Filter>
    </ClCompile>
    <ClCompile Include="src\scene\systems\inputsystem.cpp">
      <Filter>src\scene\systems</Filter>
    </ClCompile>
    <ClCompile Include="src\renderer\renderer_apis\vulkan\vulkan_framebuffer.cpp">
      <Filter>src\renderer\renderer_apis\vulkan</Filter>
    </ClCompile>
    <ClCompile Include="src\renderer\renderer_apis\vulkan\vulkan_glfw_window.cpp">
      <Filter>src\renderer\renderer_apis\vulkan</Filter>
    </ClCompile>
    <ClCompile Include="src\renderer\renderer_apis\vulkan\vulkan_indexbuffer.cpp">
      <Filter>src\renderer\renderer_apis\vulkan</Filter>
    </ClCompile>
    <ClCompile Include="src\renderer\renderer_apis\vulkan\vulkan_renderer.cpp">
      <Filter>src\renderer\renderer_apis\vulkan</Filter>
    </ClCompile>
    <ClCompile Include="src\renderer\renderer_apis\vulkan\vulkan_shader.cpp">
      <Filter>src\renderer\renderer_apis\vulkan</Filter>
    </ClCompile>
    <ClCompile Include="src\renderer\renderer_apis\vulkan\vulkan_shadersection.cpp">
      <Filter>src\renderer\renderer_apis\vulkan</Filter>
    </ClCompile>
    <ClCompile Include="src\renderer\renderer_apis\vulkan\vulkan_texture2d.cpp">
      <Filter>src\renderer\renderer_apis\vulkan</Filter>
    </ClCompile>
    <ClCompile Include="src\renderer\renderer_apis\vulkan\vulkan_vertexbuffer.cpp">
      <Filter>src\renderer\renderer_apis\vulkan</Filter>
    </ClCompile>
    <ClCompile Include="src\renderer\renderer_apis\vulkan\vulkan_vertexlayout.cpp">
      <Filter>src\renderer\renderer_apis\vulkan</Filter>
    </ClCompile>
    <ClCompile Include="src\application.cpp">
      <Filter>src</Filter>
    </ClCompile>
  </ItemGroup>
  <ItemGroup>
    <None Include="packages.config" />
  </ItemGroup>
  <ItemGroup>
    <ClInclude Include="src\donut_pch.h">
      <Filter>src</Filter>
    </ClInclude>
    <ClInclude Include="src\noncopyable.h">
      <Filter>src</Filter>
    </ClInclude>
    <ClInclude Include="src\glad\include\glad\glad.h">
      <Filter>src\glad\include\glad</Filter>
    </ClInclude>
    <ClInclude Include="src\glad\include\KHR\khrplatform.h">
      <Filter>src\glad\include\KHR</Filter>
    </ClInclude>
    <ClInclude Include="src\imgui\imconfig.h">
      <Filter>src\imgui</Filter>
    </ClInclude>
    <ClInclude Include="src\imgui\imgui.h">
      <Filter>src\imgui</Filter>
    </ClInclude>
    <ClInclude Include="src\imgui\imgui_impl_glfw.h">
      <Filter>src\imgui</Filter>
    </ClInclude>
    <ClInclude Include="src\imgui\imgui_impl_opengl3.h">
      <Filter>src\imgui</Filter>
    </ClInclude>
    <ClInclude Include="src\imgui\imgui_internal.h">
      <Filter>src\imgui</Filter>
    </ClInclude>
    <ClInclude Include="src\imgui\imstb_rectpack.h">
      <Filter>src\imgui</Filter>
    </ClInclude>
    <ClInclude Include="src\imgui\imstb_textedit.h">
      <Filter>src\imgui</Filter>
    </ClInclude>
    <ClInclude Include="src\imgui\imstb_truetype.h">
      <Filter>src\imgui</Filter>
    </ClInclude>
    <ClInclude Include="src\renderer\ilayer.h">
      <Filter>src\renderer</Filter>
    </ClInclude>
    <ClInclude Include="src\renderer\indexbuffer.h">
      <Filter>src\renderer</Filter>
    </ClInclude>
    <ClInclude Include="src\renderer\shader.h">
      <Filter>src\renderer</Filter>
    </ClInclude>
    <ClInclude Include="src\renderer\shadersection.h">
      <Filter>src\renderer</Filter>
    </ClInclude>
    <ClInclude Include="src\renderer\vertexbuffer.h">
      <Filter>src\renderer</Filter>
    </ClInclude>
    <ClInclude Include="src\renderer\vertexelement.h">
      <Filter>src\renderer</Filter>
    </ClInclude>
    <ClInclude Include="src\renderer\vertexlayout.h">
      <Filter>src\renderer</Filter>
    </ClInclude>
    <ClInclude Include="src\renderer\window.h">
      <Filter>src\renderer</Filter>
    </ClInclude>
    <ClInclude Include="src\scene\scene.h">
      <Filter>src\scene</Filter>
    </ClInclude>
    <ClInclude Include="src\scene\entity.h">
      <Filter>src\scene</Filter>
    </ClInclude>
    <ClInclude Include="src\renderer\texture2d.h">
      <Filter>src\renderer</Filter>
    </ClInclude>
    <ClInclude Include="src\renderer\image.h">
      <Filter>src\renderer</Filter>
    </ClInclude>
    <ClInclude Include="src\renderer\primitivetype.h">
      <Filter>src\renderer</Filter>
    </ClInclude>
    <ClInclude Include="src\renderer\renderer.h">
      <Filter>src\renderer</Filter>
    </ClInclude>
    <ClInclude Include="src\abstract.h">
      <Filter>src</Filter>
    </ClInclude>
    <ClInclude Include="src\renderer\renderer_apis\opengl\opengl_glfw_window.h">
      <Filter>src\renderer\renderer_apis\opengl</Filter>
    </ClInclude>
    <ClInclude Include="src\renderer\renderer_apis\opengl\opengl_indexbuffer.h">
      <Filter>src\renderer\renderer_apis\opengl</Filter>
    </ClInclude>
    <ClInclude Include="src\renderer\renderer_apis\opengl\opengl_renderer.h">
      <Filter>src\renderer\renderer_apis\opengl</Filter>
    </ClInclude>
    <ClInclude Include="src\renderer\renderer_apis\opengl\opengl_shader.h">
      <Filter>src\renderer\renderer_apis\opengl</Filter>
    </ClInclude>
    <ClInclude Include="src\renderer\renderer_apis\opengl\opengl_shadersection.h">
      <Filter>src\renderer\renderer_apis\opengl</Filter>
    </ClInclude>
    <ClInclude Include="src\renderer\renderer_apis\opengl\opengl_texture2d.h">
      <Filter>src\renderer\renderer_apis\opengl</Filter>
    </ClInclude>
    <ClInclude Include="src\renderer\renderer_apis\opengl\opengl_vertexbuffer.h">
      <Filter>src\renderer\renderer_apis\opengl</Filter>
    </ClInclude>
    <ClInclude Include="src\renderer\renderer_apis\opengl\opengl_vertexlayout.h">
      <Filter>src\renderer\renderer_apis\opengl</Filter>
    </ClInclude>
    <ClInclude Include="src\scene\components\meshcomponent.h">
      <Filter>src\scene\components</Filter>
    </ClInclude>
    <ClInclude Include="src\scene\systems\renderingsystem.h">
      <Filter>src\scene\systems</Filter>
    </ClInclude>
    <ClInclude Include="src\scene\components\transformcomponent.h">
      <Filter>src\scene\components</Filter>
    </ClInclude>
    <ClInclude Include="src\scene\components\cameracomponent.h">
      <Filter>src\scene\components</Filter>
    </ClInclude>
    <ClInclude Include="src\renderer\renderer_apis\opengl\opengl_framebuffer.h">
      <Filter>src\renderer\renderer_apis\opengl</Filter>
    </ClInclude>
    <ClInclude Include="src\renderer\framebuffer.h">
      <Filter>src\renderer</Filter>
    </ClInclude>
    <ClInclude Include="src\test\TestLayer.h">
      <Filter>src\test</Filter>
    </ClInclude>
    <ClInclude Include="src\test\emittercomponent.h">
      <Filter>src\test</Filter>
    </ClInclude>
    <ClInclude Include="src\test\velocitycomponent.h">
      <Filter>src\test</Filter>
    </ClInclude>
    <ClInclude Include="src\test\lifetimecomponent.h">
      <Filter>src\test</Filter>
    </ClInclude>
    <ClInclude Include="src\test\emittersystem.h">
      <Filter>src\test</Filter>
    </ClInclude>
    <ClInclude Include="src\test\velocitysystem.h">
      <Filter>src\test</Filter>
    </ClInclude>
    <ClInclude Include="src\test\lifetimesystem.h">
      <Filter>src\test</Filter>
    </ClInclude>
    <ClInclude Include="src\renderer\layerstack.h">
      <Filter>src\renderer</Filter>
    </ClInclude>
    <ClInclude Include="src\renderer\iwindow.h">
      <Filter>src\renderer</Filter>
    </ClInclude>
    <ClInclude Include="src\renderer\events\event_types.h">
      <Filter>src\renderer\events</Filter>
    </ClInclude>
    <ClInclude Include="src\renderer\events\event.h">
      <Filter>src\renderer\events</Filter>
    </ClInclude>
    <ClInclude Include="src\renderer\events\eventresize.h">
      <Filter>src\renderer\events</Filter>
    </ClInclude>
    <ClInclude Include="src\renderer\events\eventdispatch.h">
      <Filter>src\renderer\events</Filter>
    </ClInclude>
    <ClInclude Include="src\renderer\events\eventkey.h">
      <Filter>src\renderer\events</Filter>
    </ClInclude>
    <ClInclude Include="src\renderer\events\eventmousebutton.h">
      <Filter>src\renderer\events</Filter>
    </ClInclude>
    <ClInclude Include="src\renderer\events\eventmousescroll.h">
      <Filter>src\renderer\events</Filter>
    </ClInclude>
    <ClInclude Include="src\renderer\events\eventmousemove.h">
      <Filter>src\renderer\events</Filter>
    </ClInclude>
    <ClInclude Include="src\scene\systems\camerasystem.h">
      <Filter>src\scene\systems</Filter>
    </ClInclude>
    <ClInclude Include="src\scene\components\orbitcomponent.h">
      <Filter>src\scene\components</Filter>
    </ClInclude>
    <ClInclude Include="src\scene\systems\inputsystem.h">
      <Filter>src\scene\systems</Filter>
    </ClInclude>
    <ClInclude Include="src\scene\components\inputcomponent.h">
      <Filter>src\scene\components</Filter>
    </ClInclude>
    <ClInclude Include="src\renderer\events\ieventlistener.h">
      <Filter>src\renderer\events</Filter>
    </ClInclude>
    <ClInclude Include="src\renderer\material.h">
      <Filter>src\renderer</Filter>
    </ClInclude>
    <ClInclude Include="src\renderer\renderer_apis\vulkan\vulkan_framebuffer.h">
      <Filter>src\renderer\renderer_apis\vulkan</Filter>
    </ClInclude>
    <ClInclude Include="src\renderer\renderer_apis\vulkan\vulkan_glfw_window.h">
      <Filter>src\renderer\renderer_apis\vulkan</Filter>
    </ClInclude>
    <ClInclude Include="src\renderer\renderer_apis\vulkan\vulkan_indexbuffer.h">
      <Filter>src\renderer\renderer_apis\vulkan</Filter>
    </ClInclude>
    <ClInclude Include="src\renderer\renderer_apis\vulkan\vulkan_renderer.h">
      <Filter>src\renderer\renderer_apis\vulkan</Filter>
    </ClInclude>
    <ClInclude Include="src\renderer\renderer_apis\vulkan\vulkan_shader.h">
      <Filter>src\renderer\renderer_apis\vulkan</Filter>
    </ClInclude>
    <ClInclude Include="src\renderer\renderer_apis\vulkan\vulkan_shadersection.h">
      <Filter>src\renderer\renderer_apis\vulkan</Filter>
    </ClInclude>
    <ClInclude Include="src\renderer\renderer_apis\vulkan\vulkan_texture2d.h">
      <Filter>src\renderer\renderer_apis\vulkan</Filter>
    </ClInclude>
    <ClInclude Include="src\renderer\renderer_apis\vulkan\vulkan_vertexbuffer.h">
      <Filter>src\renderer\renderer_apis\vulkan</Filter>
    </ClInclude>
    <ClInclude Include="src\renderer\renderer_apis\vulkan\vulkan_vertexlayout.h">
      <Filter>src\renderer\renderer_apis\vulkan</Filter>
    </ClInclude>
    <ClInclude Include="src\application.h">
      <Filter>src</Filter>
    </ClInclude>
  </ItemGroup>
  <ItemGroup>
    <Filter Include="src">
      <UniqueIdentifier>{d6cf8251-5bdd-47a2-8c59-18306dec7744}</UniqueIdentifier>
    </Filter>
    <Filter Include="src\glad">
      <UniqueIdentifier>{647cd9d0-5e52-40b1-9238-9a2262b4da80}</UniqueIdentifier>
    </Filter>
    <Filter Include="src\glad\include">
      <UniqueIdentifier>{7c0dbcd4-c219-4c20-ac74-8aa035af047c}</UniqueIdentifier>
    </Filter>
    <Filter Include="src\glad\include\glad">
      <UniqueIdentifier>{949f3a90-fe0c-43b9-88af-7ea08378c3d9}</UniqueIdentifier>
    </Filter>
    <Filter Include="src\glad\include\KHR">
      <UniqueIdentifier>{42bb556e-88f4-4395-9609-e0578fd78a55}</UniqueIdentifier>
    </Filter>
    <Filter Include="src\glad\src">
      <UniqueIdentifier>{515868e6-2a99-4dc7-9b3b-56a35390bed5}</UniqueIdentifier>
    </Filter>
    <Filter Include="src\imgui">
      <UniqueIdentifier>{87acfb8a-07df-439c-8406-713bdd9cd038}</UniqueIdentifier>
    </Filter>
    <Filter Include="src\renderer">
      <UniqueIdentifier>{67de1397-e863-4bae-b030-684d1b48174e}</UniqueIdentifier>
    </Filter>
    <Filter Include="src\scene">
      <UniqueIdentifier>{a0cceb8c-4336-4dc4-91d7-dd60d9b86baa}</UniqueIdentifier>
    </Filter>
    <Filter Include="Noise">
      <UniqueIdentifier>{66c30aca-b731-4ced-9a6b-dfe67b9ca6a5}</UniqueIdentifier>
    </Filter>
    <Filter Include="src\renderer\renderer_apis">
      <UniqueIdentifier>{4427f88c-cd4e-4593-8b3b-a3ce6b827435}</UniqueIdentifier>
    </Filter>
    <Filter Include="src\renderer\renderer_apis\opengl">
      <UniqueIdentifier>{4ed6ea26-629c-4bc3-ad68-f461f04bd107}</UniqueIdentifier>
    </Filter>
    <Filter Include="src\scene\components">
      <UniqueIdentifier>{089fd896-ac9d-4c85-b4fb-59f803dca12f}</UniqueIdentifier>
    </Filter>
    <Filter Include="src\scene\systems">
      <UniqueIdentifier>{0db9dc97-6c57-457c-85e6-8f0a8288fb0b}</UniqueIdentifier>
    </Filter>
    <Filter Include="src\test">
      <UniqueIdentifier>{44f27273-bef4-4bf0-a52d-113b792f3836}</UniqueIdentifier>
    </Filter>
    <Filter Include="src\renderer\events">
      <UniqueIdentifier>{54677ed5-dc34-4808-a615-27178fa25836}</UniqueIdentifier>
    </Filter>
    <Filter Include="src\renderer\renderer_apis\vulkan">
      <UniqueIdentifier>{1eec0a7b-d60d-4341-b962-eb2a0927d9b0}</UniqueIdentifier>
    </Filter>
  </ItemGroup>
</Project>